
Microsoft Visual Studio Solution File, Format Version 12.00
# Visual Studio Version 16
VisualStudioVersion = 16.0.31402.337
MinimumVisualStudioVersion = 10.0.40219.1
Project("{FAE04EC0-301F-11D3-BF4B-00C04F79EFBC}") = "BinanceWallet", "BinanceWallet\BinanceWallet.csproj", "{21CC297D-F620-4BA7-96CF-2C0D4859FCAD}"
EndProject
Global
	GlobalSection(SolutionConfigurationPlatforms) = preSolution
		Debug|Any CPU = Debug|Any CPU
		Release|Any CPU = Release|Any CPU
	EndGlobalSection
	GlobalSection(ProjectConfigurationPlatforms) = postSolution
		{21CC297D-F620-4BA7-96CF-2C0D4859FCAD}.Debug|Any CPU.ActiveCfg = Debug|Any CPU
		{21CC297D-F620-4BA7-96CF-2C0D4859FCAD}.Debug|Any CPU.Build.0 = Debug|Any CPU
		{21CC297D-F620-4BA7-96CF-2C0D4859FCAD}.Release|Any CPU.ActiveCfg = Release|Any CPU
		{21CC297D-F620-4BA7-96CF-2C0D4859FCAD}.Release|Any CPU.Build.0 = Release|Any CPU
	EndGlobalSection
	GlobalSection(SolutionProperties) = preSolution
		HideSolutionNode = FALSE
	EndGlobalSection
	GlobalSection(ExtensibilityGlobals) = postSolution
		SolutionGuid = {307B57F8-E318-4462-AE94-FF53D82FD58B}
	EndGlobalSection
EndGlobal
